
Microsoft Visual Studio Solution File, Format Version 12.00
# Visual Studio 2015
Project("{FAE04EC0-301F-11D3-BF4B-00C04F79EFBC}") = "BadRobot", "BadRobot.csproj", "{A84F604C-A81B-DD44-E5A8-4A5D5D654B75}"
EndProject
Project("{FAE04EC0-301F-11D3-BF4B-00C04F79EFBC}") = "BadRobot.Editor", "BadRobot.Editor.csproj", "{EC2F644E-B382-EEC9-E139-49FDF45FF4E2}"
EndProject
Global
	GlobalSection(SolutionConfigurationPlatforms) = preSolution
		Debug|Any CPU = Debug|Any CPU
		Release|Any CPU = Release|Any CPU
	EndGlobalSection
	GlobalSection(ProjectConfigurationPlatforms) = postSolution
		{A84F604C-A81B-DD44-E5A8-4A5D5D654B75}.Debug|Any CPU.ActiveCfg = Debug|Any CPU
		{A84F604C-A81B-DD44-E5A8-4A5D5D654B75}.Debug|Any CPU.Build.0 = Debug|Any CPU
		{A84F604C-A81B-DD44-E5A8-4A5D5D654B75}.Release|Any CPU.ActiveCfg = Release|Any CPU
		{A84F604C-A81B-DD44-E5A8-4A5D5D654B75}.Release|Any CPU.Build.0 = Release|Any CPU
		{EC2F644E-B382-EEC9-E139-49FDF45FF4E2}.Debug|Any CPU.ActiveCfg = Debug|Any CPU
		{EC2F644E-B382-EEC9-E139-49FDF45FF4E2}.Debug|Any CPU.Build.0 = Debug|Any CPU
		{EC2F644E-B382-EEC9-E139-49FDF45FF4E2}.Release|Any CPU.ActiveCfg = Release|Any CPU
		{EC2F644E-B382-EEC9-E139-49FDF45FF4E2}.Release|Any CPU.Build.0 = Release|Any CPU
	EndGlobalSection
	GlobalSection(SolutionProperties) = preSolution
		HideSolutionNode = FALSE
	EndGlobalSection
EndGlobal
